
Microsoft Visual Studio Solution File, Format Version 12.00
# Visual Studio 2013
VisualStudioVersion = 12.0.31101.0
MinimumVisualStudioVersion = 10.0.40219.1
Project("{FAE04EC0-301F-11D3-BF4B-00C04F79EFBC}") = "FisHarmony-CSharp", "FisHarmony-CSharp\FisHarmony-CSharp.csproj", "{E544C6B4-4B20-4ACE-A0AA-54E654C01E57}"
EndProject
Project("{2150E333-8FDC-42A3-9474-1A3956D46DE8}") = "PublishScripts", "PublishScripts", "{CF47B1E1-3652-4E64-B42C-FBFF9AB5D086}"
	ProjectSection(SolutionItems) = preProject
		PublishScripts\AzureWebsitePublishModule.psm1 = PublishScripts\AzureWebsitePublishModule.psm1
		PublishScripts\Publish-WebApplicationWebsite.ps1 = PublishScripts\Publish-WebApplicationWebsite.ps1
	EndProjectSection
EndProject
Project("{2150E333-8FDC-42A3-9474-1A3956D46DE8}") = "Configurations", "Configurations", "{D804724F-6BFD-484E-9586-3FAA048AA00B}"
	ProjectSection(SolutionItems) = preProject
		PublishScripts\Configurations\FisHarmony-CSharp-WAWS-dev.json = PublishScripts\Configurations\FisHarmony-CSharp-WAWS-dev.json
	EndProjectSection
EndProject
Project("{FAE04EC0-301F-11D3-BF4B-00C04F79EFBC}") = "FisHarmonyJob", "FisHarmonyJob\FisHarmonyJob.csproj", "{5832465E-336B-4FA1-9B05-127C5BCA5BB4}"
EndProject
Global
	GlobalSection(SolutionConfigurationPlatforms) = preSolution
		Debug|Any CPU = Debug|Any CPU
		Release|Any CPU = Release|Any CPU
	EndGlobalSection
	GlobalSection(ProjectConfigurationPlatforms) = postSolution
		{E544C6B4-4B20-4ACE-A0AA-54E654C01E57}.Debug|Any CPU.ActiveCfg = Debug|Any CPU
		{E544C6B4-4B20-4ACE-A0AA-54E654C01E57}.Debug|Any CPU.Build.0 = Debug|Any CPU
		{E544C6B4-4B20-4ACE-A0AA-54E654C01E57}.Release|Any CPU.ActiveCfg = Release|Any CPU
		{E544C6B4-4B20-4ACE-A0AA-54E654C01E57}.Release|Any CPU.Build.0 = Release|Any CPU
		{5832465E-336B-4FA1-9B05-127C5BCA5BB4}.Debug|Any CPU.ActiveCfg = Debug|Any CPU
		{5832465E-336B-4FA1-9B05-127C5BCA5BB4}.Debug|Any CPU.Build.0 = Debug|Any CPU
		{5832465E-336B-4FA1-9B05-127C5BCA5BB4}.Release|Any CPU.ActiveCfg = Release|Any CPU
		{5832465E-336B-4FA1-9B05-127C5BCA5BB4}.Release|Any CPU.Build.0 = Release|Any CPU
	EndGlobalSection
	GlobalSection(SolutionProperties) = preSolution
		HideSolutionNode = FALSE
	EndGlobalSection
	GlobalSection(NestedProjects) = preSolution
		{D804724F-6BFD-484E-9586-3FAA048AA00B} = {CF47B1E1-3652-4E64-B42C-FBFF9AB5D086}
	EndGlobalSection
EndGlobal
